
Microsoft Visual Studio Solution File, Format Version 12.00
# Visual Studio Version 17
VisualStudioVersion = 17.0.31903.59
MinimumVisualStudioVersion = 10.0.40219.1
Project("{2150E333-8FDC-42A3-9474-1A3956D46DE8}") = "src", "src", "{D60B2506-7E5A-476C-A1D7-4DAA803B38D4}"
EndProject
Project("{FAE04EC0-301F-11D3-BF4B-00C04F79EFBC}") = "FluentAzure", "src\FluentAzure\FluentAzure.csproj", "{79E00B32-E55B-4B44-84CB-BC9FFE0033D0}"
EndProject
Project("{2150E333-8FDC-42A3-9474-1A3956D46DE8}") = "tests", "tests", "{5DE0E3F2-11E9-409D-969F-9E23F367DC47}"
EndProject
Project("{FAE04EC0-301F-11D3-BF4B-00C04F79EFBC}") = "FluentAzure.Tests", "tests\FluentAzure.Tests\FluentAzure.Tests.csproj", "{DF806BF1-81D3-42AB-A9C4-B843427E397C}"
EndProject
Project("{2150E333-8FDC-42A3-9474-1A3956D46DE8}") = "examples", "examples", "{A1B2C3D4-E5F6-7890-ABCD-EF1234567890}"
EndProject
Project("{FAE04EC0-301F-11D3-BF4B-00C04F79EFBC}") = "WebApi.Example", "examples\WebApi.Example\WebApi.Example.csproj", "{DAD07713-B886-AC0E-4599-5C3EFD8BC98D}"
EndProject
Project("{FAE04EC0-301F-11D3-BF4B-00C04F79EFBC}") = "Demo", "examples\Demo\Demo.csproj", "{DEFB3816-6863-8526-C070-928DA33ECCFE}"
EndProject
Project("{FAE04EC0-301F-11D3-BF4B-00C04F79EFBC}") = "AzureFunctions.Example", "examples\AzureFunctions.Example\AzureFunctions.Example.csproj", "{3388E625-2735-E496-C728-98F7D8DBB3EA}"
EndProject
Project("{FAE04EC0-301F-11D3-BF4B-00C04F79EFBC}") = "Aot.Example", "examples\Aot.Example\Aot.Example.csproj", "{54B51594-69AB-4FF8-8DBE-4D18A7D7D6BD}"
EndProject
Project("{FAE04EC0-301F-11D3-BF4B-00C04F79EFBC}") = "FluentAzure.Analyzers", "src\FluentAzure.Analyzers\FluentAzure.Analyzers.csproj", "{5296AF39-5D58-4851-B6D8-A82B5C2A4CA8}"
EndProject
Project("{FAE04EC0-301F-11D3-BF4B-00C04F79EFBC}") = "FluentAzure.Analyzers.Tests", "tests\FluentAzure.Analyzers.Tests\FluentAzure.Analyzers.Tests.csproj", "{43E96212-019E-49A6-A8BA-76AC648274A7}"
EndProject
Global
	GlobalSection(SolutionConfigurationPlatforms) = preSolution
		Debug|Any CPU = Debug|Any CPU
		Debug|x64 = Debug|x64
		Debug|x86 = Debug|x86
		Release|Any CPU = Release|Any CPU
		Release|x64 = Release|x64
		Release|x86 = Release|x86
	EndGlobalSection
	GlobalSection(ProjectConfigurationPlatforms) = postSolution
		{79E00B32-E55B-4B44-84CB-BC9FFE0033D0}.Debug|Any CPU.ActiveCfg = Debug|Any CPU
		{79E00B32-E55B-4B44-84CB-BC9FFE0033D0}.Debug|Any CPU.Build.0 = Debug|Any CPU
		{79E00B32-E55B-4B44-84CB-BC9FFE0033D0}.Debug|x64.ActiveCfg = Debug|Any CPU
		{79E00B32-E55B-4B44-84CB-BC9FFE0033D0}.Debug|x64.Build.0 = Debug|Any CPU
		{79E00B32-E55B-4B44-84CB-BC9FFE0033D0}.Debug|x86.ActiveCfg = Debug|Any CPU
		{79E00B32-E55B-4B44-84CB-BC9FFE0033D0}.Debug|x86.Build.0 = Debug|Any CPU
		{79E00B32-E55B-4B44-84CB-BC9FFE0033D0}.Release|Any CPU.ActiveCfg = Release|Any CPU
		{79E00B32-E55B-4B44-84CB-BC9FFE0033D0}.Release|Any CPU.Build.0 = Release|Any CPU
		{79E00B32-E55B-4B44-84CB-BC9FFE0033D0}.Release|x64.ActiveCfg = Release|Any CPU
		{79E00B32-E55B-4B44-84CB-BC9FFE0033D0}.Release|x64.Build.0 = Release|Any CPU
		{79E00B32-E55B-4B44-84CB-BC9FFE0033D0}.Release|x86.ActiveCfg = Release|Any CPU
		{79E00B32-E55B-4B44-84CB-BC9FFE0033D0}.Release|x86.Build.0 = Release|Any CPU
		{DF806BF1-81D3-42AB-A9C4-B843427E397C}.Debug|Any CPU.ActiveCfg = Debug|Any CPU
		{DF806BF1-81D3-42AB-A9C4-B843427E397C}.Debug|Any CPU.Build.0 = Debug|Any CPU
		{DF806BF1-81D3-42AB-A9C4-B843427E397C}.Debug|x64.ActiveCfg = Debug|Any CPU
		{DF806BF1-81D3-42AB-A9C4-B843427E397C}.Debug|x64.Build.0 = Debug|Any CPU
		{DF806BF1-81D3-42AB-A9C4-B843427E397C}.Debug|x86.ActiveCfg = Debug|Any CPU
		{DF806BF1-81D3-42AB-A9C4-B843427E397C}.Debug|x86.Build.0 = Debug|Any CPU
		{DF806BF1-81D3-42AB-A9C4-B843427E397C}.Release|Any CPU.ActiveCfg = Release|Any CPU
		{DF806BF1-81D3-42AB-A9C4-B843427E397C}.Release|Any CPU.Build.0 = Release|Any CPU
		{DF806BF1-81D3-42AB-A9C4-B843427E397C}.Release|x64.ActiveCfg = Release|Any CPU
		{DF806BF1-81D3-42AB-A9C4-B843427E397C}.Release|x64.Build.0 = Release|Any CPU
		{DF806BF1-81D3-42AB-A9C4-B843427E397C}.Release|x86.ActiveCfg = Release|Any CPU
		{DF806BF1-81D3-42AB-A9C4-B843427E397C}.Release|x86.Build.0 = Release|Any CPU
		{DAD07713-B886-AC0E-4599-5C3EFD8BC98D}.Debug|Any CPU.ActiveCfg = Debug|Any CPU
		{DAD07713-B886-AC0E-4599-5C3EFD8BC98D}.Debug|Any CPU.Build.0 = Debug|Any CPU
		{DAD07713-B886-AC0E-4599-5C3EFD8BC98D}.Debug|x64.ActiveCfg = Debug|Any CPU
		{DAD07713-B886-AC0E-4599-5C3EFD8BC98D}.Debug|x64.Build.0 = Debug|Any CPU
		{DAD07713-B886-AC0E-4599-5C3EFD8BC98D}.Debug|x86.ActiveCfg = Debug|Any CPU
		{DAD07713-B886-AC0E-4599-5C3EFD8BC98D}.Debug|x86.Build.0 = Debug|Any CPU
		{DAD07713-B886-AC0E-4599-5C3EFD8BC98D}.Release|Any CPU.ActiveCfg = Release|Any CPU
		{DAD07713-B886-AC0E-4599-5C3EFD8BC98D}.Release|Any CPU.Build.0 = Release|Any CPU
		{DAD07713-B886-AC0E-4599-5C3EFD8BC98D}.Release|x64.ActiveCfg = Release|Any CPU
		{DAD07713-B886-AC0E-4599-5C3EFD8BC98D}.Release|x64.Build.0 = Release|Any CPU
		{DAD07713-B886-AC0E-4599-5C3EFD8BC98D}.Release|x86.ActiveCfg = Release|Any CPU
		{DAD07713-B886-AC0E-4599-5C3EFD8BC98D}.Release|x86.Build.0 = Release|Any CPU
		{DEFB3816-6863-8526-C070-928DA33ECCFE}.Debug|Any CPU.ActiveCfg = Debug|Any CPU
		{DEFB3816-6863-8526-C070-928DA33ECCFE}.Debug|Any CPU.Build.0 = Debug|Any CPU
		{DEFB3816-6863-8526-C070-928DA33ECCFE}.Debug|x64.ActiveCfg = Debug|Any CPU
		{DEFB3816-6863-8526-C070-928DA33ECCFE}.Debug|x64.Build.0 = Debug|Any CPU
		{DEFB3816-6863-8526-C070-928DA33ECCFE}.Debug|x86.ActiveCfg = Debug|Any CPU
		{DEFB3816-6863-8526-C070-928DA33ECCFE}.Debug|x86.Build.0 = Debug|Any CPU
		{DEFB3816-6863-8526-C070-928DA33ECCFE}.Release|Any CPU.ActiveCfg = Release|Any CPU
		{DEFB3816-6863-8526-C070-928DA33ECCFE}.Release|Any CPU.Build.0 = Release|Any CPU
		{DEFB3816-6863-8526-C070-928DA33ECCFE}.Release|x64.ActiveCfg = Release|Any CPU
		{DEFB3816-6863-8526-C070-928DA33ECCFE}.Release|x64.Build.0 = Release|Any CPU
		{DEFB3816-6863-8526-C070-928DA33ECCFE}.Release|x86.ActiveCfg = Release|Any CPU
		{DEFB3816-6863-8526-C070-928DA33ECCFE}.Release|x86.Build.0 = Release|Any CPU
		{3388E625-2735-E496-C728-98F7D8DBB3EA}.Debug|Any CPU.ActiveCfg = Debug|Any CPU
		{3388E625-2735-E496-C728-98F7D8DBB3EA}.Debug|Any CPU.Build.0 = Debug|Any CPU
		{3388E625-2735-E496-C728-98F7D8DBB3EA}.Debug|x64.ActiveCfg = Debug|Any CPU
		{3388E625-2735-E496-C728-98F7D8DBB3EA}.Debug|x64.Build.0 = Debug|Any CPU
		{3388E625-2735-E496-C728-98F7D8DBB3EA}.Debug|x86.ActiveCfg = Debug|Any CPU
		{3388E625-2735-E496-C728-98F7D8DBB3EA}.Debug|x86.Build.0 = Debug|Any CPU
		{3388E625-2735-E496-C728-98F7D8DBB3EA}.Release|Any CPU.ActiveCfg = Release|Any CPU
		{3388E625-2735-E496-C728-98F7D8DBB3EA}.Release|Any CPU.Build.0 = Release|Any CPU
		{3388E625-2735-E496-C728-98F7D8DBB3EA}.Release|x64.ActiveCfg = Release|Any CPU
		{3388E625-2735-E496-C728-98F7D8DBB3EA}.Release|x64.Build.0 = Release|Any CPU
		{3388E625-2735-E496-C728-98F7D8DBB3EA}.Release|x86.ActiveCfg = Release|Any CPU
		{3388E625-2735-E496-C728-98F7D8DBB3EA}.Release|x86.Build.0 = Release|Any CPU
		{54B51594-69AB-4FF8-8DBE-4D18A7D7D6BD}.Debug|Any CPU.ActiveCfg = Debug|Any CPU
		{54B51594-69AB-4FF8-8DBE-4D18A7D7D6BD}.Debug|Any CPU.Build.0 = Debug|Any CPU
		{54B51594-69AB-4FF8-8DBE-4D18A7D7D6BD}.Debug|x64.ActiveCfg = Debug|Any CPU
		{54B51594-69AB-4FF8-8DBE-4D18A7D7D6BD}.Debug|x64.Build.0 = Debug|Any CPU
		{54B51594-69AB-4FF8-8DBE-4D18A7D7D6BD}.Debug|x86.ActiveCfg = Debug|Any CPU
		{54B51594-69AB-4FF8-8DBE-4D18A7D7D6BD}.Debug|x86.Build.0 = Debug|Any CPU
		{54B51594-69AB-4FF8-8DBE-4D18A7D7D6BD}.Release|Any CPU.ActiveCfg = Release|Any CPU
		{54B51594-69AB-4FF8-8DBE-4D18A7D7D6BD}.Release|Any CPU.Build.0 = Release|Any CPU
		{54B51594-69AB-4FF8-8DBE-4D18A7D7D6BD}.Release|x64.ActiveCfg = Release|Any CPU
		{54B51594-69AB-4FF8-8DBE-4D18A7D7D6BD}.Release|x64.Build.0 = Release|Any CPU
		{54B51594-69AB-4FF8-8DBE-4D18A7D7D6BD}.Release|x86.ActiveCfg = Release|Any CPU
		{54B51594-69AB-4FF8-8DBE-4D18A7D7D6BD}.Release|x86.Build.0 = Release|Any CPU
		{5296AF39-5D58-4851-B6D8-A82B5C2A4CA8}.Debug|Any CPU.ActiveCfg = Debug|Any CPU
		{5296AF39-5D58-4851-B6D8-A82B5C2A4CA8}.Debug|Any CPU.Build.0 = Debug|Any CPU
		{5296AF39-5D58-4851-B6D8-A82B5C2A4CA8}.Debug|x64.ActiveCfg = Debug|Any CPU
		{5296AF39-5D58-4851-B6D8-A82B5C2A4CA8}.Debug|x64.Build.0 = Debug|Any CPU
		{5296AF39-5D58-4851-B6D8-A82B5C2A4CA8}.Debug|x86.ActiveCfg = Debug|Any CPU
		{5296AF39-5D58-4851-B6D8-A82B5C2A4CA8}.Debug|x86.Build.0 = Debug|Any CPU
		{5296AF39-5D58-4851-B6D8-A82B5C2A4CA8}.Release|Any CPU.ActiveCfg = Release|Any CPU
		{5296AF39-5D58-4851-B6D8-A82B5C2A4CA8}.Release|Any CPU.Build.0 = Release|Any CPU
		{5296AF39-5D58-4851-B6D8-A82B5C2A4CA8}.Release|x64.ActiveCfg = Release|Any CPU
		{5296AF39-5D58-4851-B6D8-A82B5C2A4CA8}.Release|x64.Build.0 = Release|Any CPU
		{5296AF39-5D58-4851-B6D8-A82B5C2A4CA8}.Release|x86.ActiveCfg = Release|Any CPU
		{5296AF39-5D58-4851-B6D8-A82B5C2A4CA8}.Release|x86.Build.0 = Release|Any CPU
		{43E96212-019E-49A6-A8BA-76AC648274A7}.Debug|Any CPU.ActiveCfg = Debug|Any CPU
		{43E96212-019E-49A6-A8BA-76AC648274A7}.Debug|Any CPU.Build.0 = Debug|Any CPU
		{43E96212-019E-49A6-A8BA-76AC648274A7}.Debug|x64.ActiveCfg = Debug|Any CPU
		{43E96212-019E-49A6-A8BA-76AC648274A7}.Debug|x64.Build.0 = Debug|Any CPU
		{43E96212-019E-49A6-A8BA-76AC648274A7}.Debug|x86.ActiveCfg = Debug|Any CPU
		{43E96212-019E-49A6-A8BA-76AC648274A7}.Debug|x86.Build.0 = Debug|Any CPU
		{43E96212-019E-49A6-A8BA-76AC648274A7}.Release|Any CPU.ActiveCfg = Release|Any CPU
		{43E96212-019E-49A6-A8BA-76AC648274A7}.Release|Any CPU.Build.0 = Release|Any CPU
		{43E96212-019E-49A6-A8BA-76AC648274A7}.Release|x64.ActiveCfg = Release|Any CPU
		{43E96212-019E-49A6-A8BA-76AC648274A7}.Release|x64.Build.0 = Release|Any CPU
		{43E96212-019E-49A6-A8BA-76AC648274A7}.Release|x86.ActiveCfg = Release|Any CPU
		{43E96212-019E-49A6-A8BA-76AC648274A7}.Release|x86.Build.0 = Release|Any CPU
	EndGlobalSection
	GlobalSection(SolutionProperties) = preSolution
		HideSolutionNode = FALSE
	EndGlobalSection
	GlobalSection(NestedProjects) = preSolution
		{79E00B32-E55B-4B44-84CB-BC9FFE0033D0} = {D60B2506-7E5A-476C-A1D7-4DAA803B38D4}
		{DF806BF1-81D3-42AB-A9C4-B843427E397C} = {5DE0E3F2-11E9-409D-969F-9E23F367DC47}
		{54B51594-69AB-4FF8-8DBE-4D18A7D7D6BD} = {A1B2C3D4-E5F6-7890-ABCD-EF1234567890}
		{5296AF39-5D58-4851-B6D8-A82B5C2A4CA8} = {D60B2506-7E5A-476C-A1D7-4DAA803B38D4}
		{43E96212-019E-49A6-A8BA-76AC648274A7} = {5DE0E3F2-11E9-409D-969F-9E23F367DC47}
	EndGlobalSection
EndGlobal
